
Microsoft Visual Studio Solution File, Format Version 12.00
# Visual Studio Version 17
VisualStudioVersion = 17.7.34031.279
MinimumVisualStudioVersion = 10.0.40219.1
Project("{FAE04EC0-301F-11D3-BF4B-00C04F79EFBC}") = "Exemplo 01", "Aula 01\Exemplo 01.csproj", "{55A55141-6970-4AC0-8801-0978A2523D5D}"
EndProject
Project("{FAE04EC0-301F-11D3-BF4B-00C04F79EFBC}") = "Exemplo 02", "ConsoleApp1\Exemplo 02.csproj", "{E3E20CAA-88B6-4372-BFA9-CC6E26B7BEF2}"
EndProject
Project("{FAE04EC0-301F-11D3-BF4B-00C04F79EFBC}") = "Exemplo 03", "Exemplo\Exemplo 03.csproj", "{A63937FF-635F-4220-B0BF-0603CE103E41}"
EndProject
Project("{FAE04EC0-301F-11D3-BF4B-00C04F79EFBC}") = "Exemplo 04", "Exemplo 2\Exemplo 04.csproj", "{5725B161-178B-450C-BEF6-B1288C0F8313}"
EndProject
Project("{FAE04EC0-301F-11D3-BF4B-00C04F79EFBC}") = "Exercício 01", "Exercício 01\Exercício 01.csproj", "{F053D3C5-7670-4F6B-8D91-C2C825A1944E}"
EndProject
Project("{FAE04EC0-301F-11D3-BF4B-00C04F79EFBC}") = "Exemplo 05", "Exemplo 3\Exemplo 05.csproj", "{A3AB5AC3-6010-41F2-B173-EC0F33D2B07A}"
EndProject
Project("{FAE04EC0-301F-11D3-BF4B-00C04F79EFBC}") = "Exercício 02", "Exercício 02\Exercício 02.csproj", "{6CEC9E2D-19BB-4BD1-94BD-27490C9E824D}"
EndProject
Project("{FAE04EC0-301F-11D3-BF4B-00C04F79EFBC}") = "Exemplo 06", "Exemplo 06\Exemplo 06.csproj", "{EB7F5967-2E20-44CA-A05B-77135F05F4F0}"
EndProject
Project("{FAE04EC0-301F-11D3-BF4B-00C04F79EFBC}") = "Exercício 03", "Exercício 03\Exercício 03.csproj", "{230AAD3C-CA76-4CEF-B1B1-FA309B1B1C4C}"
EndProject
Global
	GlobalSection(SolutionConfigurationPlatforms) = preSolution
		Debug|Any CPU = Debug|Any CPU
		Release|Any CPU = Release|Any CPU
	EndGlobalSection
	GlobalSection(ProjectConfigurationPlatforms) = postSolution
		{55A55141-6970-4AC0-8801-0978A2523D5D}.Debug|Any CPU.ActiveCfg = Debug|Any CPU
		{55A55141-6970-4AC0-8801-0978A2523D5D}.Debug|Any CPU.Build.0 = Debug|Any CPU
		{55A55141-6970-4AC0-8801-0978A2523D5D}.Release|Any CPU.ActiveCfg = Release|Any CPU
		{55A55141-6970-4AC0-8801-0978A2523D5D}.Release|Any CPU.Build.0 = Release|Any CPU
		{E3E20CAA-88B6-4372-BFA9-CC6E26B7BEF2}.Debug|Any CPU.ActiveCfg = Debug|Any CPU
		{E3E20CAA-88B6-4372-BFA9-CC6E26B7BEF2}.Debug|Any CPU.Build.0 = Debug|Any CPU
		{E3E20CAA-88B6-4372-BFA9-CC6E26B7BEF2}.Release|Any CPU.ActiveCfg = Release|Any CPU
		{E3E20CAA-88B6-4372-BFA9-CC6E26B7BEF2}.Release|Any CPU.Build.0 = Release|Any CPU
		{A63937FF-635F-4220-B0BF-0603CE103E41}.Debug|Any CPU.ActiveCfg = Debug|Any CPU
		{A63937FF-635F-4220-B0BF-0603CE103E41}.Debug|Any CPU.Build.0 = Debug|Any CPU
		{A63937FF-635F-4220-B0BF-0603CE103E41}.Release|Any CPU.ActiveCfg = Release|Any CPU
		{A63937FF-635F-4220-B0BF-0603CE103E41}.Release|Any CPU.Build.0 = Release|Any CPU
		{5725B161-178B-450C-BEF6-B1288C0F8313}.Debug|Any CPU.ActiveCfg = Debug|Any CPU
		{5725B161-178B-450C-BEF6-B1288C0F8313}.Debug|Any CPU.Build.0 = Debug|Any CPU
		{5725B161-178B-450C-BEF6-B1288C0F8313}.Release|Any CPU.ActiveCfg = Release|Any CPU
		{5725B161-178B-450C-BEF6-B1288C0F8313}.Release|Any CPU.Build.0 = Release|Any CPU
		{F053D3C5-7670-4F6B-8D91-C2C825A1944E}.Debug|Any CPU.ActiveCfg = Debug|Any CPU
		{F053D3C5-7670-4F6B-8D91-C2C825A1944E}.Debug|Any CPU.Build.0 = Debug|Any CPU
		{F053D3C5-7670-4F6B-8D91-C2C825A1944E}.Release|Any CPU.ActiveCfg = Release|Any CPU
		{F053D3C5-7670-4F6B-8D91-C2C825A1944E}.Release|Any CPU.Build.0 = Release|Any CPU
		{A3AB5AC3-6010-41F2-B173-EC0F33D2B07A}.Debug|Any CPU.ActiveCfg = Debug|Any CPU
		{A3AB5AC3-6010-41F2-B173-EC0F33D2B07A}.Debug|Any CPU.Build.0 = Debug|Any CPU
		{A3AB5AC3-6010-41F2-B173-EC0F33D2B07A}.Release|Any CPU.ActiveCfg = Release|Any CPU
		{A3AB5AC3-6010-41F2-B173-EC0F33D2B07A}.Release|Any CPU.Build.0 = Release|Any CPU
		{6CEC9E2D-19BB-4BD1-94BD-27490C9E824D}.Debug|Any CPU.ActiveCfg = Debug|Any CPU
		{6CEC9E2D-19BB-4BD1-94BD-27490C9E824D}.Debug|Any CPU.Build.0 = Debug|Any CPU
		{6CEC9E2D-19BB-4BD1-94BD-27490C9E824D}.Release|Any CPU.ActiveCfg = Release|Any CPU
		{6CEC9E2D-19BB-4BD1-94BD-27490C9E824D}.Release|Any CPU.Build.0 = Release|Any CPU
		{EB7F5967-2E20-44CA-A05B-77135F05F4F0}.Debug|Any CPU.ActiveCfg = Debug|Any CPU
		{EB7F5967-2E20-44CA-A05B-77135F05F4F0}.Debug|Any CPU.Build.0 = Debug|Any CPU
		{EB7F5967-2E20-44CA-A05B-77135F05F4F0}.Release|Any CPU.ActiveCfg = Release|Any CPU
		{EB7F5967-2E20-44CA-A05B-77135F05F4F0}.Release|Any CPU.Build.0 = Release|Any CPU
		{230AAD3C-CA76-4CEF-B1B1-FA309B1B1C4C}.Debug|Any CPU.ActiveCfg = Debug|Any CPU
		{230AAD3C-CA76-4CEF-B1B1-FA309B1B1C4C}.Debug|Any CPU.Build.0 = Debug|Any CPU
		{230AAD3C-CA76-4CEF-B1B1-FA309B1B1C4C}.Release|Any CPU.ActiveCfg = Release|Any CPU
		{230AAD3C-CA76-4CEF-B1B1-FA309B1B1C4C}.Release|Any CPU.Build.0 = Release|Any CPU
	EndGlobalSection
	GlobalSection(SolutionProperties) = preSolution
		HideSolutionNode = FALSE
	EndGlobalSection
	GlobalSection(ExtensibilityGlobals) = postSolution
		SolutionGuid = {805AC609-6EFD-45F5-8354-FC9343548E6B}
	EndGlobalSection
EndGlobal
