
Microsoft Visual Studio Solution File, Format Version 12.00
# Visual Studio Version 17
VisualStudioVersion = 17.7.34031.279
MinimumVisualStudioVersion = 10.0.40219.1
Project("{FAE04EC0-301F-11D3-BF4B-00C04F79EFBC}") = "Aula 07", "Aula 07.csproj", "{290668DC-0503-426F-B9A8-E272716B4C54}"
EndProject
Global
	GlobalSection(SolutionConfigurationPlatforms) = preSolution
		Debug|Any CPU = Debug|Any CPU
		Release|Any CPU = Release|Any CPU
	EndGlobalSection
	GlobalSection(ProjectConfigurationPlatforms) = postSolution
		{290668DC-0503-426F-B9A8-E272716B4C54}.Debug|Any CPU.ActiveCfg = Debug|Any CPU
		{290668DC-0503-426F-B9A8-E272716B4C54}.Debug|Any CPU.Build.0 = Debug|Any CPU
		{290668DC-0503-426F-B9A8-E272716B4C54}.Release|Any CPU.ActiveCfg = Release|Any CPU
		{290668DC-0503-426F-B9A8-E272716B4C54}.Release|Any CPU.Build.0 = Release|Any CPU
	EndGlobalSection
	GlobalSection(SolutionProperties) = preSolution
		HideSolutionNode = FALSE
	EndGlobalSection
	GlobalSection(ExtensibilityGlobals) = postSolution
		SolutionGuid = {FFE26C6B-2A90-4AA1-8D33-561C62B89D76}
	EndGlobalSection
EndGlobal
