
Microsoft Visual Studio Solution File, Format Version 12.00
# Visual Studio Version 17
VisualStudioVersion = 17.7.34031.279
MinimumVisualStudioVersion = 10.0.40219.1
Project("{FAE04EC0-301F-11D3-BF4B-00C04F79EFBC}") = "ProjetoBancoDeDados", "ProjetoBancoDeDados\ProjetoBancoDeDados.csproj", "{2D99A3BD-DF78-4F57-82F8-0D05CA20BF3B}"
EndProject
Global
	GlobalSection(SolutionConfigurationPlatforms) = preSolution
		Debug|Any CPU = Debug|Any CPU
		Release|Any CPU = Release|Any CPU
	EndGlobalSection
	GlobalSection(ProjectConfigurationPlatforms) = postSolution
		{2D99A3BD-DF78-4F57-82F8-0D05CA20BF3B}.Debug|Any CPU.ActiveCfg = Debug|Any CPU
		{2D99A3BD-DF78-4F57-82F8-0D05CA20BF3B}.Debug|Any CPU.Build.0 = Debug|Any CPU
		{2D99A3BD-DF78-4F57-82F8-0D05CA20BF3B}.Release|Any CPU.ActiveCfg = Release|Any CPU
		{2D99A3BD-DF78-4F57-82F8-0D05CA20BF3B}.Release|Any CPU.Build.0 = Release|Any CPU
	EndGlobalSection
	GlobalSection(SolutionProperties) = preSolution
		HideSolutionNode = FALSE
	EndGlobalSection
	GlobalSection(ExtensibilityGlobals) = postSolution
		SolutionGuid = {CC2129FB-42D5-47B9-BCFF-07F5E78D48B6}
	EndGlobalSection
EndGlobal
