
Microsoft Visual Studio Solution File, Format Version 12.00
# Visual Studio Version 17
VisualStudioVersion = 17.7.34031.279
MinimumVisualStudioVersion = 10.0.40219.1
Project("{FAE04EC0-301F-11D3-BF4B-00C04F79EFBC}") = "Aula16", "Aula16.csproj", "{F9ACFED6-CB94-4D46-97D6-D443B46B9F86}"
EndProject
Project("{FAE04EC0-301F-11D3-BF4B-00C04F79EFBC}") = "Aula 16 - exercicio 2", "..\Aula 16 - exercicio 2\Aula 16 - exercicio 2.csproj", "{21CF27B2-E242-447C-B885-856D7DE36FE4}"
EndProject
Project("{FAE04EC0-301F-11D3-BF4B-00C04F79EFBC}") = "Exemplo aula 16", "..\Exemplo aula 16\Exemplo aula 16.csproj", "{D59E83A1-A0A2-4183-8F97-2B960E4AF382}"
EndProject
Global
	GlobalSection(SolutionConfigurationPlatforms) = preSolution
		Debug|Any CPU = Debug|Any CPU
		Release|Any CPU = Release|Any CPU
	EndGlobalSection
	GlobalSection(ProjectConfigurationPlatforms) = postSolution
		{F9ACFED6-CB94-4D46-97D6-D443B46B9F86}.Debug|Any CPU.ActiveCfg = Debug|Any CPU
		{F9ACFED6-CB94-4D46-97D6-D443B46B9F86}.Debug|Any CPU.Build.0 = Debug|Any CPU
		{F9ACFED6-CB94-4D46-97D6-D443B46B9F86}.Release|Any CPU.ActiveCfg = Release|Any CPU
		{F9ACFED6-CB94-4D46-97D6-D443B46B9F86}.Release|Any CPU.Build.0 = Release|Any CPU
		{21CF27B2-E242-447C-B885-856D7DE36FE4}.Debug|Any CPU.ActiveCfg = Debug|Any CPU
		{21CF27B2-E242-447C-B885-856D7DE36FE4}.Debug|Any CPU.Build.0 = Debug|Any CPU
		{21CF27B2-E242-447C-B885-856D7DE36FE4}.Release|Any CPU.ActiveCfg = Release|Any CPU
		{21CF27B2-E242-447C-B885-856D7DE36FE4}.Release|Any CPU.Build.0 = Release|Any CPU
		{D59E83A1-A0A2-4183-8F97-2B960E4AF382}.Debug|Any CPU.ActiveCfg = Debug|Any CPU
		{D59E83A1-A0A2-4183-8F97-2B960E4AF382}.Debug|Any CPU.Build.0 = Debug|Any CPU
		{D59E83A1-A0A2-4183-8F97-2B960E4AF382}.Release|Any CPU.ActiveCfg = Release|Any CPU
		{D59E83A1-A0A2-4183-8F97-2B960E4AF382}.Release|Any CPU.Build.0 = Release|Any CPU
	EndGlobalSection
	GlobalSection(SolutionProperties) = preSolution
		HideSolutionNode = FALSE
	EndGlobalSection
	GlobalSection(ExtensibilityGlobals) = postSolution
		SolutionGuid = {DF14150B-FB42-4308-BC07-290299A0BF7A}
	EndGlobalSection
EndGlobal
